
Microsoft Visual Studio Solution File, Format Version 12.00
# Visual Studio 15
VisualStudioVersion = 15.0.27428.2043
MinimumVisualStudioVersion = 10.0.40219.1
Project("{FAE04EC0-301F-11D3-BF4B-00C04F79EFBC}") = "C_Sharp学习第四十九天（Quartz.Net）", "C_Sharp学习第四十九天（Quartz.Net）\C_Sharp学习第四十九天（Quartz.Net）.csproj", "{0AFC7681-76E6-4112-81D7-22DDB4ADB7A6}"
EndProject
Global
	GlobalSection(SolutionConfigurationPlatforms) = preSolution
		Debug|Any CPU = Debug|Any CPU
		Release|Any CPU = Release|Any CPU
	EndGlobalSection
	GlobalSection(ProjectConfigurationPlatforms) = postSolution
		{0AFC7681-76E6-4112-81D7-22DDB4ADB7A6}.Debug|Any CPU.ActiveCfg = Debug|Any CPU
		{0AFC7681-76E6-4112-81D7-22DDB4ADB7A6}.Debug|Any CPU.Build.0 = Debug|Any CPU
		{0AFC7681-76E6-4112-81D7-22DDB4ADB7A6}.Release|Any CPU.ActiveCfg = Release|Any CPU
		{0AFC7681-76E6-4112-81D7-22DDB4ADB7A6}.Release|Any CPU.Build.0 = Release|Any CPU
	EndGlobalSection
	GlobalSection(SolutionProperties) = preSolution
		HideSolutionNode = FALSE
	EndGlobalSection
	GlobalSection(ExtensibilityGlobals) = postSolution
		SolutionGuid = {0BDEB242-FF57-43A1-BB28-EE752D345745}
	EndGlobalSection
EndGlobal
